
Microsoft Visual Studio Solution File, Format Version 12.00
# Visual Studio Version 16
VisualStudioVersion = 16.0.29215.179
MinimumVisualStudioVersion = 10.0.40219.1
Project("{FAE04EC0-301F-11D3-BF4B-00C04F79EFBC}") = "HelloWorld", "HelloWorld\HelloWorld.csproj", "{AF0C1E47-029B-44A6-8AE2-6A2A64A06D45}"
EndProject
Global
	GlobalSection(SolutionConfigurationPlatforms) = preSolution
		Debug|Any CPU = Debug|Any CPU
		Release|Any CPU = Release|Any CPU
	EndGlobalSection
	GlobalSection(ProjectConfigurationPlatforms) = postSolution
		{AF0C1E47-029B-44A6-8AE2-6A2A64A06D45}.Debug|Any CPU.ActiveCfg = Debug|Any CPU
		{AF0C1E47-029B-44A6-8AE2-6A2A64A06D45}.Debug|Any CPU.Build.0 = Debug|Any CPU
		{AF0C1E47-029B-44A6-8AE2-6A2A64A06D45}.Release|Any CPU.ActiveCfg = Release|Any CPU
		{AF0C1E47-029B-44A6-8AE2-6A2A64A06D45}.Release|Any CPU.Build.0 = Release|Any CPU
	EndGlobalSection
	GlobalSection(SolutionProperties) = preSolution
		HideSolutionNode = FALSE
	EndGlobalSection
	GlobalSection(ExtensibilityGlobals) = postSolution
		SolutionGuid = {92D4BF17-C4E7-4EB5-8974-62AEDF9CE3B6}
	EndGlobalSection
EndGlobal
